
Microsoft Visual Studio Solution File, Format Version 12.00
# Visual Studio Version 17
VisualStudioVersion = 17.11.35222.181
MinimumVisualStudioVersion = 10.0.40219.1
Project("{FAE04EC0-301F-11D3-BF4B-00C04F79EFBC}") = "RiddleGameApp", "RiddleGameApp\RiddleGameApp.csproj", "{A329233A-1734-40BF-B1C9-C9F3EF9EF43C}"
EndProject
Global
	GlobalSection(SolutionConfigurationPlatforms) = preSolution
		Debug|Any CPU = Debug|Any CPU
		Release|Any CPU = Release|Any CPU
	EndGlobalSection
	GlobalSection(ProjectConfigurationPlatforms) = postSolution
		{A329233A-1734-40BF-B1C9-C9F3EF9EF43C}.Debug|Any CPU.ActiveCfg = Debug|Any CPU
		{A329233A-1734-40BF-B1C9-C9F3EF9EF43C}.Debug|Any CPU.Build.0 = Debug|Any CPU
		{A329233A-1734-40BF-B1C9-C9F3EF9EF43C}.Release|Any CPU.ActiveCfg = Release|Any CPU
		{A329233A-1734-40BF-B1C9-C9F3EF9EF43C}.Release|Any CPU.Build.0 = Release|Any CPU
	EndGlobalSection
	GlobalSection(SolutionProperties) = preSolution
		HideSolutionNode = FALSE
	EndGlobalSection
	GlobalSection(ExtensibilityGlobals) = postSolution
		SolutionGuid = {1A2AFAB5-B99C-4638-AD13-71B78D4B0A6D}
	EndGlobalSection
EndGlobal
